// !$*UTF8*$!
{
	archiveVersion = 1;
	classes = {
	};
	objectVersion = 54;
	objects = {

/* Begin PBXBuildFile section */
		013FA9C1884D511BE57769F4 /* DatabaseManager.swift in Sources */ = {isa = PBXBuildFile; fileRef = CBCE5199077D9FBD482E7F35 /* DatabaseManager.swift */; };
		022136465132BA2E8A2C84C6 /* ImportOPMLSheet.swift in Sources */ = {isa = PBXBuildFile; fileRef = E6310A95C37FAD8D873103E5 /* ImportOPMLSheet.swift */; };
		0A137869A6D9839F51B2723E /* Kingfisher in Frameworks */ = {isa = PBXBuildFile; productRef = DE6AAD378492ABEC464D8F18 /* Kingfisher */; };
		0C8D3F34D3C9EE50D0E28CF4 /* SidebarView.swift in Sources */ = {isa = PBXBuildFile; fileRef = 104F43FCCCEB6F214331FE14 /* SidebarView.swift */; };
		13D84A24E262777DC2D597C2 /* ArticleListViewModel.swift in Sources */ = {isa = PBXBuildFile; fileRef = DE17C08A35661B433BA510C9 /* ArticleListViewModel.swift */; };
		1784FD6ED2C39F28ECEAA6F3 /* NotificationService.swift in Sources */ = {isa = PBXBuildFile; fileRef = 914D967E3254780328B08ED3 /* NotificationService.swift */; };
		22194A400156AA00763B3149 /* BackupService.swift in Sources */ = {isa = PBXBuildFile; fileRef = 4772456AD50A1CBFEAD47419 /* BackupService.swift */; };
		23CA3149CCB2E4AD2FB62FAB /* GlobalHotkeyService.swift in Sources */ = {isa = PBXBuildFile; fileRef = 3CC909301C38C2E8FCB28C02 /* GlobalHotkeyService.swift */; };
		28744B283E84EA8B25591A15 /* SearchResultsView.swift in Sources */ = {isa = PBXBuildFile; fileRef = C4C510E0846358F3B3B0179E /* SearchResultsView.swift */; };
		2BD6653487591CAB77904630 /* URLSchemeHandler.swift in Sources */ = {isa = PBXBuildFile; fileRef = 568009CE8A96502A0E1A6118 /* URLSchemeHandler.swift */; };
		3093D44159749012BA7996B2 /* CategoryEditorSheet.swift in Sources */ = {isa = PBXBuildFile; fileRef = 5DF244D33CF504AEB05D6745 /* CategoryEditorSheet.swift */; };
		312C1CA6E2BA93D6B46078D4 /* ReaderView.swift in Sources */ = {isa = PBXBuildFile; fileRef = 8CA6B3A012C974B636B014A8 /* ReaderView.swift */; };
		33F1A09DD8BB524304F1C156 /* KeyboardShortcutsOverlay.swift in Sources */ = {isa = PBXBuildFile; fileRef = C298F3EFED9950C9CF644191 /* KeyboardShortcutsOverlay.swift */; };
		3757B504D9D6B4326C4C28D9 /* SwiftSoup in Frameworks */ = {isa = PBXBuildFile; productRef = 4DB4F17FB7A25BFC41BB7AD3 /* SwiftSoup */; };
		37F91E72A4AB54530B68168D /* ContentExtractor.swift in Sources */ = {isa = PBXBuildFile; fileRef = B498BFD3943B970B50457443 /* ContentExtractor.swift */; };
		3CE2C82D8A2C420A9EB07E15 /* CloudKitManager.swift in Sources */ = {isa = PBXBuildFile; fileRef = A209E56008351A8AF89005CA /* CloudKitManager.swift */; };
		3DB2999BA121BBD6E82E5F53 /* AnnotationPanelView.swift in Sources */ = {isa = PBXBuildFile; fileRef = BC0CF026D5D3267D37301ECD /* AnnotationPanelView.swift */; };
		3F38AF6FCE521CE28DA7296F /* FeedlyService.swift in Sources */ = {isa = PBXBuildFile; fileRef = 90BF58A6D7327C7102344D62 /* FeedlyService.swift */; };
		3F80F964B527DB6370376389 /* OPMLService.swift in Sources */ = {isa = PBXBuildFile; fileRef = 83C51E818F46289F5D927601 /* OPMLService.swift */; };
		42782E3391AD7E782CCB3F1F /* MainWindowController.swift in Sources */ = {isa = PBXBuildFile; fileRef = F6C59388C738863D0D800AEE /* MainWindowController.swift */; };
		46C63052E814155C513A72BF /* ArticleListView.swift in Sources */ = {isa = PBXBuildFile; fileRef = 556F5F262B441646B2E3F49D /* ArticleListView.swift */; };
		500138B877C2BD12A9CFF287 /* FOLIOAppState.swift in Sources */ = {isa = PBXBuildFile; fileRef = 508DD9B067248F6E982C5F70 /* FOLIOAppState.swift */; };
		517059BAFB085058C271C9C0 /* AddFeedSheet.swift in Sources */ = {isa = PBXBuildFile; fileRef = A7C31B76E73E6521CEDFB197 /* AddFeedSheet.swift */; };
		5D75131402362BC02435F9D8 /* MenuBarExtra.swift in Sources */ = {isa = PBXBuildFile; fileRef = 3E72ACC8C44E22B0CBAA9F45 /* MenuBarExtra.swift */; };
		6629BE250B8B84FDF54EDE2C /* FeedService.swift in Sources */ = {isa = PBXBuildFile; fileRef = D24603462DB332F4E7940DE1 /* FeedService.swift */; };
		6D6F25A719543AE95F8D2357 /* FeedAggregator.swift in Sources */ = {isa = PBXBuildFile; fileRef = DD2C4A3214118D58EE2F57FF /* FeedAggregator.swift */; };
		6E8DB3A6E242F3557048EC20 /* SQLiteArticleStore.swift in Sources */ = {isa = PBXBuildFile; fileRef = 37CF3482334DC3107032D01D /* SQLiteArticleStore.swift */; };
		6F6F2C19066B6530BA028017 /* BackgroundRefreshService.swift in Sources */ = {isa = PBXBuildFile; fileRef = 53F7DDFE4E08C3857E3E56EE /* BackgroundRefreshService.swift */; };
		7084FACDD740D0FBA47F5C1A /* Feed.swift in Sources */ = {isa = PBXBuildFile; fileRef = C4FBD37837F5AF0DAC88E483 /* Feed.swift */; };
		73FD7F6D509A92AA8F57B83A /* AppDelegate.swift in Sources */ = {isa = PBXBuildFile; fileRef = 5ACC7BA1481BF8ADD0A01F31 /* AppDelegate.swift */; };
		76A412DE974F2464B11901B3 /* SQLiteFeedStore.swift in Sources */ = {isa = PBXBuildFile; fileRef = FB4339D5B4C2D50A717A0475 /* SQLiteFeedStore.swift */; };
		7E5145F73AA730FA49E11835 /* AnnotationViewModel.swift in Sources */ = {isa = PBXBuildFile; fileRef = 5C71442C5DFC4893056549F2 /* AnnotationViewModel.swift */; };
		7EDB70AD75830AFA7F541DCE /* ContentView.swift in Sources */ = {isa = PBXBuildFile; fileRef = 4C73C2B8465DACDADF9E035E /* ContentView.swift */; };
		802D9E6B174D0EE98DCA717B /* FeedbinService.swift in Sources */ = {isa = PBXBuildFile; fileRef = 6E518C595C956B06651A2245 /* FeedbinService.swift */; };
		8256B28888B6D59B6BB75D9B /* ArticleRowView.swift in Sources */ = {isa = PBXBuildFile; fileRef = 6417E3917AA188582C850D70 /* ArticleRowView.swift */; };
		844DFDA6604D0573B2B5B73E /* InstapaperImportSheet.swift in Sources */ = {isa = PBXBuildFile; fileRef = D8E5004AA76ECEFA9EAD601B /* InstapaperImportSheet.swift */; };
		8647820FC6276C44F46A41CD /* SyncStatusView.swift in Sources */ = {isa = PBXBuildFile; fileRef = B1C3751E52820566E3B85889 /* SyncStatusView.swift */; };
		8897C395D45D20D159684BFE /* SettingsViewModel.swift in Sources */ = {isa = PBXBuildFile; fileRef = D8A90DE9916038EFD58B4D5E /* SettingsViewModel.swift */; };
		88EB92A7E7C6F2834CF0EF7D /* FOLIOIntents.swift in Sources */ = {isa = PBXBuildFile; fileRef = 59D0B17CB5558420F331531F /* FOLIOIntents.swift */; };
		8AEC07B9986E1189C8E092DB /* ReaderSettingsView.swift in Sources */ = {isa = PBXBuildFile; fileRef = 808E9ECB7A8915CC75353317 /* ReaderSettingsView.swift */; };
		8D6F7215AB1C4B3E297374A3 /* FOLIOApp.swift in Sources */ = {isa = PBXBuildFile; fileRef = F5D28D0A741C67B225F4AA79 /* FOLIOApp.swift */; };
		8F9D791A547313EE72A54399 /* main.swift in Sources */ = {isa = PBXBuildFile; fileRef = 64C0AA69AC2AB3A8E038EE44 /* main.swift */; };
		9487D3C2BE78E10D832C312F /* AccountsViewModel.swift in Sources */ = {isa = PBXBuildFile; fileRef = C5A6711EC4FD82044B608EFA /* AccountsViewModel.swift */; };
		95C7C6702C605C3AB77FCED5 /* Assets.xcassets in Resources */ = {isa = PBXBuildFile; fileRef = 05059519A242EC0575531025 /* Assets.xcassets */; };
		9B50884DB6CC390A65B73A16 /* KeychainAccess in Frameworks */ = {isa = PBXBuildFile; productRef = 2D399128070CCE46B69B2CFC /* KeychainAccess */; };
		9C70ECBFD9D34EA40A594C03 /* InstapaperService.swift in Sources */ = {isa = PBXBuildFile; fileRef = 75A1214B7F456F0980B6B782 /* InstapaperService.swift */; };
		A7BF08A015F44DCF786CAD2A /* ReadingStatsService.swift in Sources */ = {isa = PBXBuildFile; fileRef = 437F7FEDC072663035C5EE98 /* ReadingStatsService.swift */; };
		AA630C34D13AA696C408FBBA /* ShareService.swift in Sources */ = {isa = PBXBuildFile; fileRef = DE2FB177F27EEBE3F7960CCF /* ShareService.swift */; };
		ABB8DE25950939BC6B62D59F /* Category.swift in Sources */ = {isa = PBXBuildFile; fileRef = 229AE734CBF49FD92554CA59 /* Category.swift */; };
		AD4F0ED5FB595A7C90C76316 /* SettingsWindowController.swift in Sources */ = {isa = PBXBuildFile; fileRef = 970777C750723FDBB4C1DFFE /* SettingsWindowController.swift */; };
		B11A3E5B4212DCDDDBE3804E /* ArticleSearchService.swift in Sources */ = {isa = PBXBuildFile; fileRef = 39140242EA03A9A3ACE243C5 /* ArticleSearchService.swift */; };
		BB56B3F67F466ECC628A1640 /* AnnotationService.swift in Sources */ = {isa = PBXBuildFile; fileRef = 49BA831792A7D60F2453BCF9 /* AnnotationService.swift */; };
		BC35A1B443DE91BC953CF483 /* SQLite in Frameworks */ = {isa = PBXBuildFile; productRef = 2EA19170CCB84F02A15570B5 /* SQLite */; };
		BD4DCAF11CE2F096DEC284FC /* ReaderViewModel.swift in Sources */ = {isa = PBXBuildFile; fileRef = DC8B02DD5F7642FD9EEF5046 /* ReaderViewModel.swift */; };
		C0E7B38A02D0C1F517942DE1 /* Annotation.swift in Sources */ = {isa = PBXBuildFile; fileRef = BCDCDF7010DE565C0F6A65E8 /* Annotation.swift */; };
		C206E24D9FC10C24434FB0C7 /* FeedListViewModel.swift in Sources */ = {isa = PBXBuildFile; fileRef = 0B5E47D6FB1CDD2D2E03D0F8 /* FeedListViewModel.swift */; };
		E086A22CC83AEDA635F1D17C /* FavoritesViewModel.swift in Sources */ = {isa = PBXBuildFile; fileRef = BA9161B7C6F540A265BFCA6F /* FavoritesViewModel.swift */; };
		E47DEA3575A2E17400282AED /* Article.swift in Sources */ = {isa = PBXBuildFile; fileRef = 24D01638D8358995578A2473 /* Article.swift */; };
		E7605997A6CBE50FE58EC574 /* iCloudSyncService.swift in Sources */ = {isa = PBXBuildFile; fileRef = B5589E97180F91135D4A0B27 /* iCloudSyncService.swift */; };
		EDCC6FDEA36EBC3CB70EFCC2 /* ICloudSyncSettingsView.swift in Sources */ = {isa = PBXBuildFile; fileRef = 70CDBDD7CB833EC32BF33D67 /* ICloudSyncSettingsView.swift */; };
/* End PBXBuildFile section */

/* Begin PBXFileReference section */
		01DD2554AC92346694F972BB /* FOLIO.app */ = {isa = PBXFileReference; explicitFileType = wrapper.application; includeInIndex = 0; path = FOLIO.app; sourceTree = BUILT_PRODUCTS_DIR; };
		05059519A242EC0575531025 /* Assets.xcassets */ = {isa = PBXFileReference; lastKnownFileType = folder.assetcatalog; path = Assets.xcassets; sourceTree = "<group>"; };
		0B5E47D6FB1CDD2D2E03D0F8 /* FeedListViewModel.swift */ = {isa = PBXFileReference; lastKnownFileType = sourcecode.swift; path = FeedListViewModel.swift; sourceTree = "<group>"; };
		104F43FCCCEB6F214331FE14 /* SidebarView.swift */ = {isa = PBXFileReference; lastKnownFileType = sourcecode.swift; path = SidebarView.swift; sourceTree = "<group>"; };
		229AE734CBF49FD92554CA59 /* Category.swift */ = {isa = PBXFileReference; lastKnownFileType = sourcecode.swift; path = Category.swift; sourceTree = "<group>"; };
		24D01638D8358995578A2473 /* Article.swift */ = {isa = PBXFileReference; lastKnownFileType = sourcecode.swift; path = Article.swift; sourceTree = "<group>"; };
		37CF3482334DC3107032D01D /* SQLiteArticleStore.swift */ = {isa = PBXFileReference; lastKnownFileType = sourcecode.swift; path = SQLiteArticleStore.swift; sourceTree = "<group>"; };
		39140242EA03A9A3ACE243C5 /* ArticleSearchService.swift */ = {isa = PBXFileReference; lastKnownFileType = sourcecode.swift; path = ArticleSearchService.swift; sourceTree = "<group>"; };
		3CC909301C38C2E8FCB28C02 /* GlobalHotkeyService.swift */ = {isa = PBXFileReference; lastKnownFileType = sourcecode.swift; path = GlobalHotkeyService.swift; sourceTree = "<group>"; };
		3E72ACC8C44E22B0CBAA9F45 /* MenuBarExtra.swift */ = {isa = PBXFileReference; lastKnownFileType = sourcecode.swift; path = MenuBarExtra.swift; sourceTree = "<group>"; };
		3FC8820A31E55818CABA65A4 /* Info.plist */ = {isa = PBXFileReference; lastKnownFileType = text.plist; path = Info.plist; sourceTree = "<group>"; };
		437F7FEDC072663035C5EE98 /* ReadingStatsService.swift */ = {isa = PBXFileReference; lastKnownFileType = sourcecode.swift; path = ReadingStatsService.swift; sourceTree = "<group>"; };
		4772456AD50A1CBFEAD47419 /* BackupService.swift */ = {isa = PBXFileReference; lastKnownFileType = sourcecode.swift; path = BackupService.swift; sourceTree = "<group>"; };
		49BA831792A7D60F2453BCF9 /* AnnotationService.swift */ = {isa = PBXFileReference; lastKnownFileType = sourcecode.swift; path = AnnotationService.swift; sourceTree = "<group>"; };
		4C73C2B8465DACDADF9E035E /* ContentView.swift */ = {isa = PBXFileReference; lastKnownFileType = sourcecode.swift; path = ContentView.swift; sourceTree = "<group>"; };
		508DD9B067248F6E982C5F70 /* FOLIOAppState.swift */ = {isa = PBXFileReference; lastKnownFileType = sourcecode.swift; path = FOLIOAppState.swift; sourceTree = "<group>"; };
		53F7DDFE4E08C3857E3E56EE /* BackgroundRefreshService.swift */ = {isa = PBXFileReference; lastKnownFileType = sourcecode.swift; path = BackgroundRefreshService.swift; sourceTree = "<group>"; };
		556F5F262B441646B2E3F49D /* ArticleListView.swift */ = {isa = PBXFileReference; lastKnownFileType = sourcecode.swift; path = ArticleListView.swift; sourceTree = "<group>"; };
		568009CE8A96502A0E1A6118 /* URLSchemeHandler.swift */ = {isa = PBXFileReference; lastKnownFileType = sourcecode.swift; path = URLSchemeHandler.swift; sourceTree = "<group>"; };
		59D0B17CB5558420F331531F /* FOLIOIntents.swift */ = {isa = PBXFileReference; lastKnownFileType = sourcecode.swift; path = FOLIOIntents.swift; sourceTree = "<group>"; };
		5ACC7BA1481BF8ADD0A01F31 /* AppDelegate.swift */ = {isa = PBXFileReference; lastKnownFileType = sourcecode.swift; path = AppDelegate.swift; sourceTree = "<group>"; };
		5C71442C5DFC4893056549F2 /* AnnotationViewModel.swift */ = {isa = PBXFileReference; lastKnownFileType = sourcecode.swift; path = AnnotationViewModel.swift; sourceTree = "<group>"; };
		5DF244D33CF504AEB05D6745 /* CategoryEditorSheet.swift */ = {isa = PBXFileReference; lastKnownFileType = sourcecode.swift; path = CategoryEditorSheet.swift; sourceTree = "<group>"; };
		6417E3917AA188582C850D70 /* ArticleRowView.swift */ = {isa = PBXFileReference; lastKnownFileType = sourcecode.swift; path = ArticleRowView.swift; sourceTree = "<group>"; };
		64C0AA69AC2AB3A8E038EE44 /* main.swift */ = {isa = PBXFileReference; lastKnownFileType = sourcecode.swift; path = main.swift; sourceTree = "<group>"; };
		6E518C595C956B06651A2245 /* FeedbinService.swift */ = {isa = PBXFileReference; lastKnownFileType = sourcecode.swift; path = FeedbinService.swift; sourceTree = "<group>"; };
		70CDBDD7CB833EC32BF33D67 /* ICloudSyncSettingsView.swift */ = {isa = PBXFileReference; lastKnownFileType = sourcecode.swift; path = ICloudSyncSettingsView.swift; sourceTree = "<group>"; };
		75A1214B7F456F0980B6B782 /* InstapaperService.swift */ = {isa = PBXFileReference; lastKnownFileType = sourcecode.swift; path = InstapaperService.swift; sourceTree = "<group>"; };
		808E9ECB7A8915CC75353317 /* ReaderSettingsView.swift */ = {isa = PBXFileReference; lastKnownFileType = sourcecode.swift; path = ReaderSettingsView.swift; sourceTree = "<group>"; };
		83C51E818F46289F5D927601 /* OPMLService.swift */ = {isa = PBXFileReference; lastKnownFileType = sourcecode.swift; path = OPMLService.swift; sourceTree = "<group>"; };
		8CA6B3A012C974B636B014A8 /* ReaderView.swift */ = {isa = PBXFileReference; lastKnownFileType = sourcecode.swift; path = ReaderView.swift; sourceTree = "<group>"; };
		90BF58A6D7327C7102344D62 /* FeedlyService.swift */ = {isa = PBXFileReference; lastKnownFileType = sourcecode.swift; path = FeedlyService.swift; sourceTree = "<group>"; };
		914D967E3254780328B08ED3 /* NotificationService.swift */ = {isa = PBXFileReference; lastKnownFileType = sourcecode.swift; path = NotificationService.swift; sourceTree = "<group>"; };
		970777C750723FDBB4C1DFFE /* SettingsWindowController.swift */ = {isa = PBXFileReference; lastKnownFileType = sourcecode.swift; path = SettingsWindowController.swift; sourceTree = "<group>"; };
		A209E56008351A8AF89005CA /* CloudKitManager.swift */ = {isa = PBXFileReference; lastKnownFileType = sourcecode.swift; path = CloudKitManager.swift; sourceTree = "<group>"; };
		A7C31B76E73E6521CEDFB197 /* AddFeedSheet.swift */ = {isa = PBXFileReference; lastKnownFileType = sourcecode.swift; path = AddFeedSheet.swift; sourceTree = "<group>"; };
		B1C3751E52820566E3B85889 /* SyncStatusView.swift */ = {isa = PBXFileReference; lastKnownFileType = sourcecode.swift; path = SyncStatusView.swift; sourceTree = "<group>"; };
		B498BFD3943B970B50457443 /* ContentExtractor.swift */ = {isa = PBXFileReference; lastKnownFileType = sourcecode.swift; path = ContentExtractor.swift; sourceTree = "<group>"; };
		B5589E97180F91135D4A0B27 /* iCloudSyncService.swift */ = {isa = PBXFileReference; lastKnownFileType = sourcecode.swift; path = iCloudSyncService.swift; sourceTree = "<group>"; };
		BA9161B7C6F540A265BFCA6F /* FavoritesViewModel.swift */ = {isa = PBXFileReference; lastKnownFileType = sourcecode.swift; path = FavoritesViewModel.swift; sourceTree = "<group>"; };
		BC0CF026D5D3267D37301ECD /* AnnotationPanelView.swift */ = {isa = PBXFileReference; lastKnownFileType = sourcecode.swift; path = AnnotationPanelView.swift; sourceTree = "<group>"; };
		BCDCDF7010DE565C0F6A65E8 /* Annotation.swift */ = {isa = PBXFileReference; lastKnownFileType = sourcecode.swift; path = Annotation.swift; sourceTree = "<group>"; };
		C298F3EFED9950C9CF644191 /* KeyboardShortcutsOverlay.swift */ = {isa = PBXFileReference; lastKnownFileType = sourcecode.swift; path = KeyboardShortcutsOverlay.swift; sourceTree = "<group>"; };
		C4C510E0846358F3B3B0179E /* SearchResultsView.swift */ = {isa = PBXFileReference; lastKnownFileType = sourcecode.swift; path = SearchResultsView.swift; sourceTree = "<group>"; };
		C4FBD37837F5AF0DAC88E483 /* Feed.swift */ = {isa = PBXFileReference; lastKnownFileType = sourcecode.swift; path = Feed.swift; sourceTree = "<group>"; };
		C5A6711EC4FD82044B608EFA /* AccountsViewModel.swift */ = {isa = PBXFileReference; lastKnownFileType = sourcecode.swift; path = AccountsViewModel.swift; sourceTree = "<group>"; };
		CBCE5199077D9FBD482E7F35 /* DatabaseManager.swift */ = {isa = PBXFileReference; lastKnownFileType = sourcecode.swift; path = DatabaseManager.swift; sourceTree = "<group>"; };
		D24603462DB332F4E7940DE1 /* FeedService.swift */ = {isa = PBXFileReference; lastKnownFileType = sourcecode.swift; path = FeedService.swift; sourceTree = "<group>"; };
		D8A90DE9916038EFD58B4D5E /* SettingsViewModel.swift */ = {isa = PBXFileReference; lastKnownFileType = sourcecode.swift; path = SettingsViewModel.swift; sourceTree = "<group>"; };
		D8E5004AA76ECEFA9EAD601B /* InstapaperImportSheet.swift */ = {isa = PBXFileReference; lastKnownFileType = sourcecode.swift; path = InstapaperImportSheet.swift; sourceTree = "<group>"; };
		DC8B02DD5F7642FD9EEF5046 /* ReaderViewModel.swift */ = {isa = PBXFileReference; lastKnownFileType = sourcecode.swift; path = ReaderViewModel.swift; sourceTree = "<group>"; };
		DD2C4A3214118D58EE2F57FF /* FeedAggregator.swift */ = {isa = PBXFileReference; lastKnownFileType = sourcecode.swift; path = FeedAggregator.swift; sourceTree = "<group>"; };
		DE17C08A35661B433BA510C9 /* ArticleListViewModel.swift */ = {isa = PBXFileReference; lastKnownFileType = sourcecode.swift; path = ArticleListViewModel.swift; sourceTree = "<group>"; };
		DE2FB177F27EEBE3F7960CCF /* ShareService.swift */ = {isa = PBXFileReference; lastKnownFileType = sourcecode.swift; path = ShareService.swift; sourceTree = "<group>"; };
		DFBE51CA12A22570369581B2 /* FOLIO.entitlements */ = {isa = PBXFileReference; lastKnownFileType = text.plist.entitlements; path = FOLIO.entitlements; sourceTree = "<group>"; };
		E6310A95C37FAD8D873103E5 /* ImportOPMLSheet.swift */ = {isa = PBXFileReference; lastKnownFileType = sourcecode.swift; path = ImportOPMLSheet.swift; sourceTree = "<group>"; };
		F5D28D0A741C67B225F4AA79 /* FOLIOApp.swift */ = {isa = PBXFileReference; lastKnownFileType = sourcecode.swift; path = FOLIOApp.swift; sourceTree = "<group>"; };
		F6C59388C738863D0D800AEE /* MainWindowController.swift */ = {isa = PBXFileReference; lastKnownFileType = sourcecode.swift; path = MainWindowController.swift; sourceTree = "<group>"; };
		FB4339D5B4C2D50A717A0475 /* SQLiteFeedStore.swift */ = {isa = PBXFileReference; lastKnownFileType = sourcecode.swift; path = SQLiteFeedStore.swift; sourceTree = "<group>"; };
/* End PBXFileReference section */

/* Begin PBXFrameworksBuildPhase section */
		886162F46F83BF71C32B678B /* Frameworks */ = {
			isa = PBXFrameworksBuildPhase;
			buildActionMask = 2147483647;
			files = (
				BC35A1B443DE91BC953CF483 /* SQLite in Frameworks */,
				0A137869A6D9839F51B2723E /* Kingfisher in Frameworks */,
				3757B504D9D6B4326C4C28D9 /* SwiftSoup in Frameworks */,
				9B50884DB6CC390A65B73A16 /* KeychainAccess in Frameworks */,
			);
			runOnlyForDeploymentPostprocessing = 0;
		};
/* End PBXFrameworksBuildPhase section */

/* Begin PBXGroup section */
		17E21CC04AE714570265D98C /* App */ = {
			isa = PBXGroup;
			children = (
				5ACC7BA1481BF8ADD0A01F31 /* AppDelegate.swift */,
				F5D28D0A741C67B225F4AA79 /* FOLIOApp.swift */,
				508DD9B067248F6E982C5F70 /* FOLIOAppState.swift */,
				64C0AA69AC2AB3A8E038EE44 /* main.swift */,
				F6C59388C738863D0D800AEE /* MainWindowController.swift */,
				568009CE8A96502A0E1A6118 /* URLSchemeHandler.swift */,
			);
			path = App;
			sourceTree = "<group>";
		};
		2310ACF5D97176D9027E4C8C /* ViewModels */ = {
			isa = PBXGroup;
			children = (
				C5A6711EC4FD82044B608EFA /* AccountsViewModel.swift */,
				5C71442C5DFC4893056549F2 /* AnnotationViewModel.swift */,
				DE17C08A35661B433BA510C9 /* ArticleListViewModel.swift */,
				BA9161B7C6F540A265BFCA6F /* FavoritesViewModel.swift */,
				0B5E47D6FB1CDD2D2E03D0F8 /* FeedListViewModel.swift */,
				DC8B02DD5F7642FD9EEF5046 /* ReaderViewModel.swift */,
				D8A90DE9916038EFD58B4D5E /* SettingsViewModel.swift */,
			);
			path = ViewModels;
			sourceTree = "<group>";
		};
		2B7F1AB9A9EF40ADC3E9AF74 /* Intents */ = {
			isa = PBXGroup;
			children = (
				59D0B17CB5558420F331531F /* FOLIOIntents.swift */,
			);
			path = Intents;
			sourceTree = "<group>";
		};
		32F75244135EF6E18C98A1C9 /* Views */ = {
			isa = PBXGroup;
			children = (
				A7C31B76E73E6521CEDFB197 /* AddFeedSheet.swift */,
				BC0CF026D5D3267D37301ECD /* AnnotationPanelView.swift */,
				556F5F262B441646B2E3F49D /* ArticleListView.swift */,
				6417E3917AA188582C850D70 /* ArticleRowView.swift */,
				5DF244D33CF504AEB05D6745 /* CategoryEditorSheet.swift */,
				4C73C2B8465DACDADF9E035E /* ContentView.swift */,
				70CDBDD7CB833EC32BF33D67 /* ICloudSyncSettingsView.swift */,
				E6310A95C37FAD8D873103E5 /* ImportOPMLSheet.swift */,
				D8E5004AA76ECEFA9EAD601B /* InstapaperImportSheet.swift */,
				C298F3EFED9950C9CF644191 /* KeyboardShortcutsOverlay.swift */,
				808E9ECB7A8915CC75353317 /* ReaderSettingsView.swift */,
				8CA6B3A012C974B636B014A8 /* ReaderView.swift */,
				C4C510E0846358F3B3B0179E /* SearchResultsView.swift */,
				104F43FCCCEB6F214331FE14 /* SidebarView.swift */,
				B1C3751E52820566E3B85889 /* SyncStatusView.swift */,
				8CC510F64A97ED54181A56C4 /* SettingsWindow */,
			);
			path = Views;
			sourceTree = "<group>";
		};
		656066A0DF5F322F698CB47A /* MenuBar */ = {
			isa = PBXGroup;
			children = (
				3E72ACC8C44E22B0CBAA9F45 /* MenuBarExtra.swift */,
			);
			path = MenuBar;
			sourceTree = "<group>";
		};
		7F32E655C6993B7370E3AB82 /* Models */ = {
			isa = PBXGroup;
			children = (
				BCDCDF7010DE565C0F6A65E8 /* Annotation.swift */,
				24D01638D8358995578A2473 /* Article.swift */,
				229AE734CBF49FD92554CA59 /* Category.swift */,
				C4FBD37837F5AF0DAC88E483 /* Feed.swift */,
			);
			path = Models;
			sourceTree = "<group>";
		};
		8CC510F64A97ED54181A56C4 /* SettingsWindow */ = {
			isa = PBXGroup;
			children = (
				970777C750723FDBB4C1DFFE /* SettingsWindowController.swift */,
			);
			path = SettingsWindow;
			sourceTree = "<group>";
		};
		9004A42151081D0D09FE085F /* Products */ = {
			isa = PBXGroup;
			children = (
				01DD2554AC92346694F972BB /* FOLIO.app */,
			);
			name = Products;
			sourceTree = "<group>";
		};
		C1C0B8D48A1537F09FE15BE4 /* Resources */ = {
			isa = PBXGroup;
			children = (
				05059519A242EC0575531025 /* Assets.xcassets */,
				DFBE51CA12A22570369581B2 /* FOLIO.entitlements */,
				3FC8820A31E55818CABA65A4 /* Info.plist */,
			);
			path = Resources;
			sourceTree = "<group>";
		};
		D2CF1789C15E1E44FD1A456B = {
			isa = PBXGroup;
			children = (
				D5AD8EC9D739AF9DB264AB84 /* Sources */,
				9004A42151081D0D09FE085F /* Products */,
			);
			sourceTree = "<group>";
		};
		D5AD8EC9D739AF9DB264AB84 /* Sources */ = {
			isa = PBXGroup;
			children = (
				17E21CC04AE714570265D98C /* App */,
				2B7F1AB9A9EF40ADC3E9AF74 /* Intents */,
				656066A0DF5F322F698CB47A /* MenuBar */,
				7F32E655C6993B7370E3AB82 /* Models */,
				C1C0B8D48A1537F09FE15BE4 /* Resources */,
				E888D94ABE450DF009736316 /* Services */,
				2310ACF5D97176D9027E4C8C /* ViewModels */,
				32F75244135EF6E18C98A1C9 /* Views */,
			);
			path = Sources;
			sourceTree = "<group>";
		};
		E888D94ABE450DF009736316 /* Services */ = {
			isa = PBXGroup;
			children = (
				49BA831792A7D60F2453BCF9 /* AnnotationService.swift */,
				39140242EA03A9A3ACE243C5 /* ArticleSearchService.swift */,
				53F7DDFE4E08C3857E3E56EE /* BackgroundRefreshService.swift */,
				4772456AD50A1CBFEAD47419 /* BackupService.swift */,
				A209E56008351A8AF89005CA /* CloudKitManager.swift */,
				B498BFD3943B970B50457443 /* ContentExtractor.swift */,
				CBCE5199077D9FBD482E7F35 /* DatabaseManager.swift */,
				DD2C4A3214118D58EE2F57FF /* FeedAggregator.swift */,
				6E518C595C956B06651A2245 /* FeedbinService.swift */,
				90BF58A6D7327C7102344D62 /* FeedlyService.swift */,
				D24603462DB332F4E7940DE1 /* FeedService.swift */,
				3CC909301C38C2E8FCB28C02 /* GlobalHotkeyService.swift */,
				B5589E97180F91135D4A0B27 /* iCloudSyncService.swift */,
				75A1214B7F456F0980B6B782 /* InstapaperService.swift */,
				914D967E3254780328B08ED3 /* NotificationService.swift */,
				83C51E818F46289F5D927601 /* OPMLService.swift */,
				437F7FEDC072663035C5EE98 /* ReadingStatsService.swift */,
				DE2FB177F27EEBE3F7960CCF /* ShareService.swift */,
				37CF3482334DC3107032D01D /* SQLiteArticleStore.swift */,
				FB4339D5B4C2D50A717A0475 /* SQLiteFeedStore.swift */,
			);
			path = Services;
			sourceTree = "<group>";
		};
/* End PBXGroup section */

/* Begin PBXNativeTarget section */
		97F3FAA3C91C128FE7E23D88 /* FOLIO */ = {
			isa = PBXNativeTarget;
			buildConfigurationList = ED01A23767C79EFFC1D9855F /* Build configuration list for PBXNativeTarget "FOLIO" */;
			buildPhases = (
				216F6CF35118E1B8CF159A34 /* Sources */,
				9F466AA84A6CE3D7C9846E51 /* Resources */,
				886162F46F83BF71C32B678B /* Frameworks */,
			);
			buildRules = (
			);
			dependencies = (
			);
			name = FOLIO;
			packageProductDependencies = (
				2EA19170CCB84F02A15570B5 /* SQLite */,
				DE6AAD378492ABEC464D8F18 /* Kingfisher */,
				4DB4F17FB7A25BFC41BB7AD3 /* SwiftSoup */,
				2D399128070CCE46B69B2CFC /* KeychainAccess */,
			);
			productName = FOLIO;
			productReference = 01DD2554AC92346694F972BB /* FOLIO.app */;
			productType = "com.apple.product-type.application";
		};
/* End PBXNativeTarget section */

/* Begin PBXProject section */
		4F46788F8A4B1FAA072427FA /* Project object */ = {
			isa = PBXProject;
			attributes = {
				BuildIndependentTargetsInParallel = YES;
				LastUpgradeCheck = 1500;
				TargetAttributes = {
					97F3FAA3C91C128FE7E23D88 = {
						DevelopmentTeam = "";
						ProvisioningStyle = Manual;
					};
				};
			};
			buildConfigurationList = 9BD9B4737DB78D431428C3D2 /* Build configuration list for PBXProject "FOLIO" */;
			compatibilityVersion = "Xcode 14.0";
			developmentRegion = en;
			hasScannedForEncodings = 0;
			knownRegions = (
				Base,
				en,
			);
			mainGroup = D2CF1789C15E1E44FD1A456B;
			packageReferences = (
				711DF3539C781B8299D238D0 /* XCRemoteSwiftPackageReference "KeychainAccess" */,
				4589FB2A2973C9B3AFFD95D4 /* XCRemoteSwiftPackageReference "Kingfisher" */,
				D4A106ADB502AC608D27E93E /* XCRemoteSwiftPackageReference "SQLite.swift" */,
				11ADA7D5E7F1DFA33F187514 /* XCRemoteSwiftPackageReference "SwiftSoup" */,
			);
			projectDirPath = "";
			projectRoot = "";
			targets = (
				97F3FAA3C91C128FE7E23D88 /* FOLIO */,
			);
		};
/* End PBXProject section */

/* Begin PBXResourcesBuildPhase section */
		9F466AA84A6CE3D7C9846E51 /* Resources */ = {
			isa = PBXResourcesBuildPhase;
			buildActionMask = 2147483647;
			files = (
				95C7C6702C605C3AB77FCED5 /* Assets.xcassets in Resources */,
			);
			runOnlyForDeploymentPostprocessing = 0;
		};
/* End PBXResourcesBuildPhase section */

/* Begin PBXSourcesBuildPhase section */
		216F6CF35118E1B8CF159A34 /* Sources */ = {
			isa = PBXSourcesBuildPhase;
			buildActionMask = 2147483647;
			files = (
				9487D3C2BE78E10D832C312F /* AccountsViewModel.swift in Sources */,
				517059BAFB085058C271C9C0 /* AddFeedSheet.swift in Sources */,
				C0E7B38A02D0C1F517942DE1 /* Annotation.swift in Sources */,
				3DB2999BA121BBD6E82E5F53 /* AnnotationPanelView.swift in Sources */,
				BB56B3F67F466ECC628A1640 /* AnnotationService.swift in Sources */,
				7E5145F73AA730FA49E11835 /* AnnotationViewModel.swift in Sources */,
				73FD7F6D509A92AA8F57B83A /* AppDelegate.swift in Sources */,
				E47DEA3575A2E17400282AED /* Article.swift in Sources */,
				46C63052E814155C513A72BF /* ArticleListView.swift in Sources */,
				13D84A24E262777DC2D597C2 /* ArticleListViewModel.swift in Sources */,
				8256B28888B6D59B6BB75D9B /* ArticleRowView.swift in Sources */,
				B11A3E5B4212DCDDDBE3804E /* ArticleSearchService.swift in Sources */,
				6F6F2C19066B6530BA028017 /* BackgroundRefreshService.swift in Sources */,
				22194A400156AA00763B3149 /* BackupService.swift in Sources */,
				ABB8DE25950939BC6B62D59F /* Category.swift in Sources */,
				3093D44159749012BA7996B2 /* CategoryEditorSheet.swift in Sources */,
				3CE2C82D8A2C420A9EB07E15 /* CloudKitManager.swift in Sources */,
				37F91E72A4AB54530B68168D /* ContentExtractor.swift in Sources */,
				7EDB70AD75830AFA7F541DCE /* ContentView.swift in Sources */,
				013FA9C1884D511BE57769F4 /* DatabaseManager.swift in Sources */,
				8D6F7215AB1C4B3E297374A3 /* FOLIOApp.swift in Sources */,
				500138B877C2BD12A9CFF287 /* FOLIOAppState.swift in Sources */,
				88EB92A7E7C6F2834CF0EF7D /* FOLIOIntents.swift in Sources */,
				E086A22CC83AEDA635F1D17C /* FavoritesViewModel.swift in Sources */,
				7084FACDD740D0FBA47F5C1A /* Feed.swift in Sources */,
				6D6F25A719543AE95F8D2357 /* FeedAggregator.swift in Sources */,
				C206E24D9FC10C24434FB0C7 /* FeedListViewModel.swift in Sources */,
				6629BE250B8B84FDF54EDE2C /* FeedService.swift in Sources */,
				802D9E6B174D0EE98DCA717B /* FeedbinService.swift in Sources */,
				3F38AF6FCE521CE28DA7296F /* FeedlyService.swift in Sources */,
				23CA3149CCB2E4AD2FB62FAB /* GlobalHotkeyService.swift in Sources */,
				EDCC6FDEA36EBC3CB70EFCC2 /* ICloudSyncSettingsView.swift in Sources */,
				022136465132BA2E8A2C84C6 /* ImportOPMLSheet.swift in Sources */,
				844DFDA6604D0573B2B5B73E /* InstapaperImportSheet.swift in Sources */,
				9C70ECBFD9D34EA40A594C03 /* InstapaperService.swift in Sources */,
				33F1A09DD8BB524304F1C156 /* KeyboardShortcutsOverlay.swift in Sources */,
				42782E3391AD7E782CCB3F1F /* MainWindowController.swift in Sources */,
				5D75131402362BC02435F9D8 /* MenuBarExtra.swift in Sources */,
				1784FD6ED2C39F28ECEAA6F3 /* NotificationService.swift in Sources */,
				3F80F964B527DB6370376389 /* OPMLService.swift in Sources */,
				8AEC07B9986E1189C8E092DB /* ReaderSettingsView.swift in Sources */,
				312C1CA6E2BA93D6B46078D4 /* ReaderView.swift in Sources */,
				BD4DCAF11CE2F096DEC284FC /* ReaderViewModel.swift in Sources */,
				A7BF08A015F44DCF786CAD2A /* ReadingStatsService.swift in Sources */,
				6E8DB3A6E242F3557048EC20 /* SQLiteArticleStore.swift in Sources */,
				76A412DE974F2464B11901B3 /* SQLiteFeedStore.swift in Sources */,
				28744B283E84EA8B25591A15 /* SearchResultsView.swift in Sources */,
				8897C395D45D20D159684BFE /* SettingsViewModel.swift in Sources */,
				AD4F0ED5FB595A7C90C76316 /* SettingsWindowController.swift in Sources */,
				AA630C34D13AA696C408FBBA /* ShareService.swift in Sources */,
				0C8D3F34D3C9EE50D0E28CF4 /* SidebarView.swift in Sources */,
				8647820FC6276C44F46A41CD /* SyncStatusView.swift in Sources */,
				2BD6653487591CAB77904630 /* URLSchemeHandler.swift in Sources */,
				E7605997A6CBE50FE58EC574 /* iCloudSyncService.swift in Sources */,
				8F9D791A547313EE72A54399 /* main.swift in Sources */,
			);
			runOnlyForDeploymentPostprocessing = 0;
		};
/* End PBXSourcesBuildPhase section */

/* Begin XCBuildConfiguration section */
		1CB133E8ACA29064FE02B89C /* Release */ = {
			isa = XCBuildConfiguration;
			buildSettings = {
				ALWAYS_SEARCH_USER_PATHS = NO;
				CLANG_ANALYZER_NONNULL = YES;
				CLANG_ANALYZER_NUMBER_OBJECT_CONVERSION = YES_AGGRESSIVE;
				CLANG_CXX_LANGUAGE_STANDARD = "gnu++14";
				CLANG_CXX_LIBRARY = "libc++";
				CLANG_ENABLE_MODULES = YES;
				CLANG_ENABLE_OBJC_ARC = YES;
				CLANG_ENABLE_OBJC_WEAK = YES;
				CLANG_WARN_BLOCK_CAPTURE_AUTORELEASING = YES;
				CLANG_WARN_BOOL_CONVERSION = YES;
				CLANG_WARN_COMMA = YES;
				CLANG_WARN_CONSTANT_CONVERSION = YES;
				CLANG_WARN_DEPRECATED_OBJC_IMPLEMENTATIONS = YES;
				CLANG_WARN_DIRECT_OBJC_ISA_USAGE = YES_ERROR;
				CLANG_WARN_DOCUMENTATION_COMMENTS = YES;
				CLANG_WARN_EMPTY_BODY = YES;
				CLANG_WARN_ENUM_CONVERSION = YES;
				CLANG_WARN_INFINITE_RECURSION = YES;
				CLANG_WARN_INT_CONVERSION = YES;
				CLANG_WARN_NON_LITERAL_NULL_CONVERSION = YES;
				CLANG_WARN_OBJC_IMPLICIT_RETAIN_SELF = YES;
				CLANG_WARN_OBJC_LITERAL_CONVERSION = YES;
				CLANG_WARN_OBJC_ROOT_CLASS = YES_ERROR;
				CLANG_WARN_QUOTED_INCLUDE_IN_FRAMEWORK_HEADER = YES;
				CLANG_WARN_RANGE_LOOP_ANALYSIS = YES;
				CLANG_WARN_STRICT_PROTOTYPES = YES;
				CLANG_WARN_SUSPICIOUS_MOVE = YES;
				CLANG_WARN_UNGUARDED_AVAILABILITY = YES_AGGRESSIVE;
				CLANG_WARN_UNREACHABLE_CODE = YES;
				CLANG_WARN__DUPLICATE_METHOD_MATCH = YES;
				COPY_PHASE_STRIP = NO;
				DEBUG_INFORMATION_FORMAT = "dwarf-with-dsym";
				ENABLE_NS_ASSERTIONS = NO;
				ENABLE_STRICT_OBJC_MSGSEND = YES;
				GCC_C_LANGUAGE_STANDARD = gnu11;
				GCC_NO_COMMON_BLOCKS = YES;
				GCC_WARN_64_TO_32_BIT_CONVERSION = YES;
				GCC_WARN_ABOUT_RETURN_TYPE = YES_ERROR;
				GCC_WARN_UNDECLARED_SELECTOR = YES;
				GCC_WARN_UNINITIALIZED_AUTOS = YES_AGGRESSIVE;
				GCC_WARN_UNUSED_FUNCTION = YES;
				GCC_WARN_UNUSED_VARIABLE = YES;
				MACOSX_DEPLOYMENT_TARGET = 13.0;
				MTL_ENABLE_DEBUG_INFO = NO;
				MTL_FAST_MATH = YES;
				PRODUCT_NAME = "$(TARGET_NAME)";
				SDKROOT = macosx;
				SWIFT_COMPILATION_MODE = wholemodule;
				SWIFT_OPTIMIZATION_LEVEL = "-O";
				SWIFT_VERSION = 5.0;
			};
			name = Release;
		};
		4FAE5D3CF8322C457691D8E1 /* Debug */ = {
			isa = XCBuildConfiguration;
			buildSettings = {
				ASSETCATALOG_COMPILER_APPICON_NAME = AppIcon;
				CODE_SIGNING_ALLOWED = NO;
				CODE_SIGNING_REQUIRED = NO;
				CODE_SIGN_ENTITLEMENTS = Sources/Resources/FOLIO.entitlements;
				CODE_SIGN_IDENTITY = "-";
				CODE_SIGN_STYLE = Manual;
				COMBINE_HIDPI_IMAGES = YES;
				CURRENT_PROJECT_VERSION = 1;
				DEVELOPMENT_TEAM = "";
				ENABLE_HARDENED_RUNTIME = NO;
				INFOPLIST_FILE = Sources/Resources/Info.plist;
				LD_RUNPATH_SEARCH_PATHS = "@executable_path/../Frameworks";
				MACOSX_DEPLOYMENT_TARGET = 13.0;
				MARKETING_VERSION = 1.0.0;
				PRODUCT_BUNDLE_IDENTIFIER = com.folio.app;
				PRODUCT_NAME = FOLIO;
				SDKROOT = macosx;
				SWIFT_VERSION = 5.9;
			};
			name = Debug;
		};
		520772665702A80AB0E19ADC /* Debug */ = {
			isa = XCBuildConfiguration;
			buildSettings = {
				ALWAYS_SEARCH_USER_PATHS = NO;
				CLANG_ANALYZER_NONNULL = YES;
				CLANG_ANALYZER_NUMBER_OBJECT_CONVERSION = YES_AGGRESSIVE;
				CLANG_CXX_LANGUAGE_STANDARD = "gnu++14";
				CLANG_CXX_LIBRARY = "libc++";
				CLANG_ENABLE_MODULES = YES;
				CLANG_ENABLE_OBJC_ARC = YES;
				CLANG_ENABLE_OBJC_WEAK = YES;
				CLANG_WARN_BLOCK_CAPTURE_AUTORELEASING = YES;
				CLANG_WARN_BOOL_CONVERSION = YES;
				CLANG_WARN_COMMA = YES;
				CLANG_WARN_CONSTANT_CONVERSION = YES;
				CLANG_WARN_DEPRECATED_OBJC_IMPLEMENTATIONS = YES;
				CLANG_WARN_DIRECT_OBJC_ISA_USAGE = YES_ERROR;
				CLANG_WARN_DOCUMENTATION_COMMENTS = YES;
				CLANG_WARN_EMPTY_BODY = YES;
				CLANG_WARN_ENUM_CONVERSION = YES;
				CLANG_WARN_INFINITE_RECURSION = YES;
				CLANG_WARN_INT_CONVERSION = YES;
				CLANG_WARN_NON_LITERAL_NULL_CONVERSION = YES;
				CLANG_WARN_OBJC_IMPLICIT_RETAIN_SELF = YES;
				CLANG_WARN_OBJC_LITERAL_CONVERSION = YES;
				CLANG_WARN_OBJC_ROOT_CLASS = YES_ERROR;
				CLANG_WARN_QUOTED_INCLUDE_IN_FRAMEWORK_HEADER = YES;
				CLANG_WARN_RANGE_LOOP_ANALYSIS = YES;
				CLANG_WARN_STRICT_PROTOTYPES = YES;
				CLANG_WARN_SUSPICIOUS_MOVE = YES;
				CLANG_WARN_UNGUARDED_AVAILABILITY = YES_AGGRESSIVE;
				CLANG_WARN_UNREACHABLE_CODE = YES;
				CLANG_WARN__DUPLICATE_METHOD_MATCH = YES;
				COPY_PHASE_STRIP = NO;
				DEBUG_INFORMATION_FORMAT = dwarf;
				ENABLE_STRICT_OBJC_MSGSEND = YES;
				ENABLE_TESTABILITY = YES;
				GCC_C_LANGUAGE_STANDARD = gnu11;
				GCC_DYNAMIC_NO_PIC = NO;
				GCC_NO_COMMON_BLOCKS = YES;
				GCC_OPTIMIZATION_LEVEL = 0;
				GCC_PREPROCESSOR_DEFINITIONS = (
					"$(inherited)",
					"DEBUG=1",
				);
				GCC_WARN_64_TO_32_BIT_CONVERSION = YES;
				GCC_WARN_ABOUT_RETURN_TYPE = YES_ERROR;
				GCC_WARN_UNDECLARED_SELECTOR = YES;
				GCC_WARN_UNINITIALIZED_AUTOS = YES_AGGRESSIVE;
				GCC_WARN_UNUSED_FUNCTION = YES;
				GCC_WARN_UNUSED_VARIABLE = YES;
				MACOSX_DEPLOYMENT_TARGET = 13.0;
				MTL_ENABLE_DEBUG_INFO = INCLUDE_SOURCE;
				MTL_FAST_MATH = YES;
				ONLY_ACTIVE_ARCH = YES;
				PRODUCT_NAME = "$(TARGET_NAME)";
				SDKROOT = macosx;
				SWIFT_ACTIVE_COMPILATION_CONDITIONS = DEBUG;
				SWIFT_OPTIMIZATION_LEVEL = "-Onone";
				SWIFT_VERSION = 5.0;
			};
			name = Debug;
		};
		A92C086692C00A4E30321B93 /* Release */ = {
			isa = XCBuildConfiguration;
			buildSettings = {
				ASSETCATALOG_COMPILER_APPICON_NAME = AppIcon;
				CODE_SIGNING_ALLOWED = NO;
				CODE_SIGNING_REQUIRED = NO;
				CODE_SIGN_ENTITLEMENTS = Sources/Resources/FOLIO.entitlements;
				CODE_SIGN_IDENTITY = "-";
				CODE_SIGN_STYLE = Manual;
				COMBINE_HIDPI_IMAGES = YES;
				CURRENT_PROJECT_VERSION = 1;
				DEVELOPMENT_TEAM = "";
				ENABLE_HARDENED_RUNTIME = NO;
				INFOPLIST_FILE = Sources/Resources/Info.plist;
				LD_RUNPATH_SEARCH_PATHS = "@executable_path/../Frameworks";
				MACOSX_DEPLOYMENT_TARGET = 13.0;
				MARKETING_VERSION = 1.0.0;
				PRODUCT_BUNDLE_IDENTIFIER = com.folio.app;
				PRODUCT_NAME = FOLIO;
				SDKROOT = macosx;
				SWIFT_VERSION = 5.9;
			};
			name = Release;
		};
/* End XCBuildConfiguration section */

/* Begin XCConfigurationList section */
		9BD9B4737DB78D431428C3D2 /* Build configuration list for PBXProject "FOLIO" */ = {
			isa = XCConfigurationList;
			buildConfigurations = (
				520772665702A80AB0E19ADC /* Debug */,
				1CB133E8ACA29064FE02B89C /* Release */,
			);
			defaultConfigurationIsVisible = 0;
			defaultConfigurationName = Debug;
		};
		ED01A23767C79EFFC1D9855F /* Build configuration list for PBXNativeTarget "FOLIO" */ = {
			isa = XCConfigurationList;
			buildConfigurations = (
				4FAE5D3CF8322C457691D8E1 /* Debug */,
				A92C086692C00A4E30321B93 /* Release */,
			);
			defaultConfigurationIsVisible = 0;
			defaultConfigurationName = Debug;
		};
/* End XCConfigurationList section */

/* Begin XCRemoteSwiftPackageReference section */
		11ADA7D5E7F1DFA33F187514 /* XCRemoteSwiftPackageReference "SwiftSoup" */ = {
			isa = XCRemoteSwiftPackageReference;
			repositoryURL = "https://github.com/scinfu/SwiftSoup";
			requirement = {
				kind = upToNextMajorVersion;
				minimumVersion = 2.6.0;
			};
		};
		4589FB2A2973C9B3AFFD95D4 /* XCRemoteSwiftPackageReference "Kingfisher" */ = {
			isa = XCRemoteSwiftPackageReference;
			repositoryURL = "https://github.com/onevcat/Kingfisher";
			requirement = {
				kind = upToNextMajorVersion;
				minimumVersion = 7.0.0;
			};
		};
		711DF3539C781B8299D238D0 /* XCRemoteSwiftPackageReference "KeychainAccess" */ = {
			isa = XCRemoteSwiftPackageReference;
			repositoryURL = "https://github.com/kishikawakatsumi/KeychainAccess";
			requirement = {
				kind = upToNextMajorVersion;
				minimumVersion = 4.2.0;
			};
		};
		D4A106ADB502AC608D27E93E /* XCRemoteSwiftPackageReference "SQLite.swift" */ = {
			isa = XCRemoteSwiftPackageReference;
			repositoryURL = "https://github.com/stephencelis/SQLite.swift";
			requirement = {
				kind = upToNextMajorVersion;
				minimumVersion = 0.14.0;
			};
		};
/* End XCRemoteSwiftPackageReference section */

/* Begin XCSwiftPackageProductDependency section */
		2D399128070CCE46B69B2CFC /* KeychainAccess */ = {
			isa = XCSwiftPackageProductDependency;
			package = 711DF3539C781B8299D238D0 /* XCRemoteSwiftPackageReference "KeychainAccess" */;
			productName = KeychainAccess;
		};
		2EA19170CCB84F02A15570B5 /* SQLite */ = {
			isa = XCSwiftPackageProductDependency;
			package = D4A106ADB502AC608D27E93E /* XCRemoteSwiftPackageReference "SQLite.swift" */;
			productName = SQLite;
		};
		4DB4F17FB7A25BFC41BB7AD3 /* SwiftSoup */ = {
			isa = XCSwiftPackageProductDependency;
			package = 11ADA7D5E7F1DFA33F187514 /* XCRemoteSwiftPackageReference "SwiftSoup" */;
			productName = SwiftSoup;
		};
		DE6AAD378492ABEC464D8F18 /* Kingfisher */ = {
			isa = XCSwiftPackageProductDependency;
			package = 4589FB2A2973C9B3AFFD95D4 /* XCRemoteSwiftPackageReference "Kingfisher" */;
			productName = Kingfisher;
		};
/* End XCSwiftPackageProductDependency section */
	};
	rootObject = 4F46788F8A4B1FAA072427FA /* Project object */;
}
